// !$*UTF8*$!
{
	archiveVersion = 1;
	classes = {
	};
	objectVersion = 50;
	objects = {

/* Begin PBXBuildFile section */
		C720CC0324CE1FA5004A0488 /* main.cpp in Sources */ = {isa = PBXBuildFile; fileRef = C720CC0224CE1FA5004A0488 /* main.cpp */; };
		C720CC0E24CE1FC5004A0488 /* SDL2_mixer.framework in Frameworks */ = {isa = PBXBuildFile; fileRef = C720CC0A24CE1FC5004A0488 /* SDL2_mixer.framework */; };
		C720CC0F24CE1FC5004A0488 /* SDL2_ttf.framework in Frameworks */ = {isa = PBXBuildFile; fileRef = C720CC0B24CE1FC5004A0488 /* SDL2_ttf.framework */; };
		C720CC1024CE1FC5004A0488 /* SDL2_image.framework in Frameworks */ = {isa = PBXBuildFile; fileRef = C720CC0C24CE1FC5004A0488 /* SDL2_image.framework */; };
		C720CC1124CE1FC5004A0488 /* SDL2.framework in Frameworks */ = {isa = PBXBuildFile; fileRef = C720CC0D24CE1FC5004A0488 /* SDL2.framework */; };
		C720CC1524CE2053004A0488 /* Game.cpp in Sources */ = {isa = PBXBuildFile; fileRef = C720CC1324CE2053004A0488 /* Game.cpp */; };
/* End PBXBuildFile section */

/* Begin PBXCopyFilesBuildPhase section */
		C720CBFD24CE1FA5004A0488 /* CopyFiles */ = {
			isa = PBXCopyFilesBuildPhase;
			buildActionMask = 2147483647;
			dstPath = /usr/share/man/man1/;
			dstSubfolderSpec = 0;
			files = (
			);
			runOnlyForDeploymentPostprocessing = 1;
		};
/* End PBXCopyFilesBuildPhase section */

/* Begin PBXFileReference section */
		C720CBFF24CE1FA5004A0488 /* crash */ = {isa = PBXFileReference; explicitFileType = "compiled.mach-o.executable"; includeInIndex = 0; path = crash; sourceTree = BUILT_PRODUCTS_DIR; };
		C720CC0224CE1FA5004A0488 /* main.cpp */ = {isa = PBXFileReference; lastKnownFileType = sourcecode.cpp.cpp; path = main.cpp; sourceTree = "<group>"; };
		C720CC0A24CE1FC5004A0488 /* SDL2_mixer.framework */ = {isa = PBXFileReference; lastKnownFileType = wrapper.framework; name = SDL2_mixer.framework; path = ../../../../Library/Frameworks/SDL2_mixer.framework; sourceTree = "<group>"; };
		C720CC0B24CE1FC5004A0488 /* SDL2_ttf.framework */ = {isa = PBXFileReference; lastKnownFileType = wrapper.framework; name = SDL2_ttf.framework; path = ../../../../Library/Frameworks/SDL2_ttf.framework; sourceTree = "<group>"; };
		C720CC0C24CE1FC5004A0488 /* SDL2_image.framework */ = {isa = PBXFileReference; lastKnownFileType = wrapper.framework; name = SDL2_image.framework; path = ../../../../Library/Frameworks/SDL2_image.framework; sourceTree = "<group>"; };
		C720CC0D24CE1FC5004A0488 /* SDL2.framework */ = {isa = PBXFileReference; lastKnownFileType = wrapper.framework; name = SDL2.framework; path = ../../../../Library/Frameworks/SDL2.framework; sourceTree = "<group>"; };
		C720CC1324CE2053004A0488 /* Game.cpp */ = {isa = PBXFileReference; lastKnownFileType = sourcecode.cpp.cpp; name = Game.cpp; path = include/Game.cpp; sourceTree = "<group>"; };
		C720CC1424CE2053004A0488 /* Game.h */ = {isa = PBXFileReference; lastKnownFileType = sourcecode.c.h; name = Game.h; path = include/Game.h; sourceTree = "<group>"; };
		C720CC1624CE22A1004A0488 /* global.h */ = {isa = PBXFileReference; lastKnownFileType = sourcecode.c.h; name = global.h; path = include/global.h; sourceTree = "<group>"; };
/* End PBXFileReference section */

/* Begin PBXFrameworksBuildPhase section */
		C720CBFC24CE1FA5004A0488 /* Frameworks */ = {
			isa = PBXFrameworksBuildPhase;
			buildActionMask = 2147483647;
			files = (
				C720CC0E24CE1FC5004A0488 /* SDL2_mixer.framework in Frameworks */,
				C720CC0F24CE1FC5004A0488 /* SDL2_ttf.framework in Frameworks */,
				C720CC1024CE1FC5004A0488 /* SDL2_image.framework in Frameworks */,
				C720CC1124CE1FC5004A0488 /* SDL2.framework in Frameworks */,
			);
			runOnlyForDeploymentPostprocessing = 0;
		};
/* End PBXFrameworksBuildPhase section */

/* Begin PBXGroup section */
		C720CBF624CE1FA5004A0488 = {
			isa = PBXGroup;
			children = (
				C720CC0124CE1FA5004A0488 /* crash */,
				C720CC0024CE1FA5004A0488 /* Products */,
				C720CC0924CE1FC5004A0488 /* Frameworks */,
			);
			sourceTree = "<group>";
		};
		C720CC0024CE1FA5004A0488 /* Products */ = {
			isa = PBXGroup;
			children = (
				C720CBFF24CE1FA5004A0488 /* crash */,
			);
			name = Products;
			sourceTree = "<group>";
		};
		C720CC0124CE1FA5004A0488 /* crash */ = {
			isa = PBXGroup;
			children = (
				C720CC0224CE1FA5004A0488 /* main.cpp */,
				C720CC1324CE2053004A0488 /* Game.cpp */,
				C720CC1624CE22A1004A0488 /* global.h */,
				C720CC1424CE2053004A0488 /* Game.h */,
			);
			path = crash;
			sourceTree = "<group>";
		};
		C720CC0924CE1FC5004A0488 /* Frameworks */ = {
			isa = PBXGroup;
			children = (
				C720CC0C24CE1FC5004A0488 /* SDL2_image.framework */,
				C720CC0A24CE1FC5004A0488 /* SDL2_mixer.framework */,
				C720CC0B24CE1FC5004A0488 /* SDL2_ttf.framework */,
				C720CC0D24CE1FC5004A0488 /* SDL2.framework */,
			);
			name = Frameworks;
			sourceTree = "<group>";
		};
/* End PBXGroup section */

/* Begin PBXNativeTarget section */
		C720CBFE24CE1FA5004A0488 /* crash */ = {
			isa = PBXNativeTarget;
			buildConfigurationList = C720CC0624CE1FA5004A0488 /* Build configuration list for PBXNativeTarget "crash" */;
			buildPhases = (
				C720CBFB24CE1FA5004A0488 /* Sources */,
				C720CBFC24CE1FA5004A0488 /* Frameworks */,
				C720CBFD24CE1FA5004A0488 /* CopyFiles */,
			);
			buildRules = (
			);
			dependencies = (
			);
			name = crash;
			productName = crash;
			productReference = C720CBFF24CE1FA5004A0488 /* crash */;
			productType = "com.apple.product-type.tool";
		};
/* End PBXNativeTarget section */

/* Begin PBXProject section */
		C720CBF724CE1FA5004A0488 /* Project object */ = {
			isa = PBXProject;
			attributes = {
				LastUpgradeCheck = 1130;
				ORGANIZATIONNAME = "Vinoo Selvarajah";
				TargetAttributes = {
					C720CBFE24CE1FA5004A0488 = {
						CreatedOnToolsVersion = 11.3;
					};
				};
			};
			buildConfigurationList = C720CBFA24CE1FA5004A0488 /* Build configuration list for PBXProject "crash" */;
			compatibilityVersion = "Xcode 9.3";
			developmentRegion = en;
			hasScannedForEncodings = 0;
			knownRegions = (
				en,
				Base,
			);
			mainGroup = C720CBF624CE1FA5004A0488;
			productRefGroup = C720CC0024CE1FA5004A0488 /* Products */;
			projectDirPath = "";
			projectRoot = "";
			targets = (
				C720CBFE24CE1FA5004A0488 /* crash */,
			);
		};
/* End PBXProject section */

/* Begin PBXSourcesBuildPhase section */
		C720CBFB24CE1FA5004A0488 /* Sources */ = {
			isa = PBXSourcesBuildPhase;
			buildActionMask = 2147483647;
			files = (
				C720CC0324CE1FA5004A0488 /* main.cpp in Sources */,
				C720CC1524CE2053004A0488 /* Game.cpp in Sources */,
			);
			runOnlyForDeploymentPostprocessing = 0;
		};
/* End PBXSourcesBuildPhase section */

/* Begin XCBuildConfiguration section */
		C720CC0424CE1FA5004A0488 /* Debug */ = {
			isa = XCBuildConfiguration;
			buildSettings = {
				ALWAYS_SEARCH_USER_PATHS = NO;
				CLANG_ANALYZER_NONNULL = YES;
				CLANG_ANALYZER_NUMBER_OBJECT_CONVERSION = YES_AGGRESSIVE;
				CLANG_CXX_LANGUAGE_STANDARD = "gnu++14";
				CLANG_CXX_LIBRARY = "libc++";
				CLANG_ENABLE_MODULES = YES;
				CLANG_ENABLE_OBJC_ARC = YES;
				CLANG_ENABLE_OBJC_WEAK = YES;
				CLANG_WARN_BLOCK_CAPTURE_AUTORELEASING = YES;
				CLANG_WARN_BOOL_CONVERSION = YES;
				CLANG_WARN_COMMA = YES;
				CLANG_WARN_CONSTANT_CONVERSION = YES;
				CLANG_WARN_DEPRECATED_OBJC_IMPLEMENTATIONS = YES;
				CLANG_WARN_DIRECT_OBJC_ISA_USAGE = YES_ERROR;
				CLANG_WARN_DOCUMENTATION_COMMENTS = YES;
				CLANG_WARN_EMPTY_BODY = YES;
				CLANG_WARN_ENUM_CONVERSION = YES;
				CLANG_WARN_INFINITE_RECURSION = YES;
				CLANG_WARN_INT_CONVERSION = YES;
				CLANG_WARN_NON_LITERAL_NULL_CONVERSION = YES;
				CLANG_WARN_OBJC_IMPLICIT_RETAIN_SELF = YES;
				CLANG_WARN_OBJC_LITERAL_CONVERSION = YES;
				CLANG_WARN_OBJC_ROOT_CLASS = YES_ERROR;
				CLANG_WARN_RANGE_LOOP_ANALYSIS = YES;
				CLANG_WARN_STRICT_PROTOTYPES = YES;
				CLANG_WARN_SUSPICIOUS_MOVE = YES;
				CLANG_WARN_UNGUARDED_AVAILABILITY = YES_AGGRESSIVE;
				CLANG_WARN_UNREACHABLE_CODE = YES;
				CLANG_WARN__DUPLICATE_METHOD_MATCH = YES;
				COPY_PHASE_STRIP = NO;
				DEBUG_INFORMATION_FORMAT = dwarf;
				ENABLE_STRICT_OBJC_MSGSEND = YES;
				ENABLE_TESTABILITY = YES;
				GCC_C_LANGUAGE_STANDARD = gnu11;
				GCC_DYNAMIC_NO_PIC = NO;
				GCC_NO_COMMON_BLOCKS = YES;
				GCC_OPTIMIZATION_LEVEL = 0;
				GCC_PREPROCESSOR_DEFINITIONS = (
					"DEBUG=1",
					"$(inherited)",
				);
				GCC_WARN_64_TO_32_BIT_CONVERSION = YES;
				GCC_WARN_ABOUT_RETURN_TYPE = YES_ERROR;
				GCC_WARN_UNDECLARED_SELECTOR = YES;
				GCC_WARN_UNINITIALIZED_AUTOS = YES_AGGRESSIVE;
				GCC_WARN_UNUSED_FUNCTION = YES;
				GCC_WARN_UNUSED_VARIABLE = YES;
				MACOSX_DEPLOYMENT_TARGET = 10.15;
				MTL_ENABLE_DEBUG_INFO = INCLUDE_SOURCE;
				MTL_FAST_MATH = YES;
				ONLY_ACTIVE_ARCH = YES;
				SDKROOT = macosx;
			};
			name = Debug;
		};
		C720CC0524CE1FA5004A0488 /* Release */ = {
			isa = XCBuildConfiguration;
			buildSettings = {
				ALWAYS_SEARCH_USER_PATHS = NO;
				CLANG_ANALYZER_NONNULL = YES;
				CLANG_ANALYZER_NUMBER_OBJECT_CONVERSION = YES_AGGRESSIVE;
				CLANG_CXX_LANGUAGE_STANDARD = "gnu++14";
				CLANG_CXX_LIBRARY = "libc++";
				CLANG_ENABLE_MODULES = YES;
				CLANG_ENABLE_OBJC_ARC = YES;
				CLANG_ENABLE_OBJC_WEAK = YES;
				CLANG_WARN_BLOCK_CAPTURE_AUTORELEASING = YES;
				CLANG_WARN_BOOL_CONVERSION = YES;
				CLANG_WARN_COMMA = YES;
				CLANG_WARN_CONSTANT_CONVERSION = YES;
				CLANG_WARN_DEPRECATED_OBJC_IMPLEMENTATIONS = YES;
				CLANG_WARN_DIRECT_OBJC_ISA_USAGE = YES_ERROR;
				CLANG_WARN_DOCUMENTATION_COMMENTS = YES;
				CLANG_WARN_EMPTY_BODY = YES;
				CLANG_WARN_ENUM_CONVERSION = YES;
				CLANG_WARN_INFINITE_RECURSION = YES;
				CLANG_WARN_INT_CONVERSION = YES;
				CLANG_WARN_NON_LITERAL_NULL_CONVERSION = YES;
				CLANG_WARN_OBJC_IMPLICIT_RETAIN_SELF = YES;
				CLANG_WARN_OBJC_LITERAL_CONVERSION = YES;
				CLANG_WARN_OBJC_ROOT_CLASS = YES_ERROR;
				CLANG_WARN_RANGE_LOOP_ANALYSIS = YES;
				CLANG_WARN_STRICT_PROTOTYPES = YES;
				CLANG_WARN_SUSPICIOUS_MOVE = YES;
				CLANG_WARN_UNGUARDED_AVAILABILITY = YES_AGGRESSIVE;
				CLANG_WARN_UNREACHABLE_CODE = YES;
				CLANG_WARN__DUPLICATE_METHOD_MATCH = YES;
				COPY_PHASE_STRIP = NO;
				DEBUG_INFORMATION_FORMAT = "dwarf-with-dsym";
				ENABLE_NS_ASSERTIONS = NO;
				ENABLE_STRICT_OBJC_MSGSEND = YES;
				GCC_C_LANGUAGE_STANDARD = gnu11;
				GCC_NO_COMMON_BLOCKS = YES;
				GCC_WARN_64_TO_32_BIT_CONVERSION = YES;
				GCC_WARN_ABOUT_RETURN_TYPE = YES_ERROR;
				GCC_WARN_UNDECLARED_SELECTOR = YES;
				GCC_WARN_UNINITIALIZED_AUTOS = YES_AGGRESSIVE;
				GCC_WARN_UNUSED_FUNCTION = YES;
				GCC_WARN_UNUSED_VARIABLE = YES;
				MACOSX_DEPLOYMENT_TARGET = 10.15;
				MTL_ENABLE_DEBUG_INFO = NO;
				MTL_FAST_MATH = YES;
				SDKROOT = macosx;
			};
			name = Release;
		};
		C720CC0724CE1FA5004A0488 /* Debug */ = {
			isa = XCBuildConfiguration;
			buildSettings = {
				CODE_SIGN_STYLE = Automatic;
				FRAMEWORK_SEARCH_PATHS = (
					"$(inherited)",
					"$(LOCAL_LIBRARY_DIR)/Frameworks",
				);
				PRODUCT_NAME = "$(TARGET_NAME)";
			};
			name = Debug;
		};
		C720CC0824CE1FA5004A0488 /* Release */ = {
			isa = XCBuildConfiguration;
			buildSettings = {
				CODE_SIGN_STYLE = Automatic;
				FRAMEWORK_SEARCH_PATHS = (
					"$(inherited)",
					"$(LOCAL_LIBRARY_DIR)/Frameworks",
				);
				PRODUCT_NAME = "$(TARGET_NAME)";
			};
			name = Release;
		};
/* End XCBuildConfiguration section */

/* Begin XCConfigurationList section */
		C720CBFA24CE1FA5004A0488 /* Build configuration list for PBXProject "crash" */ = {
			isa = XCConfigurationList;
			buildConfigurations = (
				C720CC0424CE1FA5004A0488 /* Debug */,
				C720CC0524CE1FA5004A0488 /* Release */,
			);
			defaultConfigurationIsVisible = 0;
			defaultConfigurationName = Release;
		};
		C720CC0624CE1FA5004A0488 /* Build configuration list for PBXNativeTarget "crash" */ = {
			isa = XCConfigurationList;
			buildConfigurations = (
				C720CC0724CE1FA5004A0488 /* Debug */,
				C720CC0824CE1FA5004A0488 /* Release */,
			);
			defaultConfigurationIsVisible = 0;
			defaultConfigurationName = Release;
		};
/* End XCConfigurationList section */
	};
	rootObject = C720CBF724CE1FA5004A0488 /* Project object */;
}
